
Microsoft Visual Studio Solution File, Format Version 12.00
# Visual Studio Version 16
VisualStudioVersion = 16.0.29503.13
MinimumVisualStudioVersion = 10.0.40219.1
Project("{FAE04EC0-301F-11D3-BF4B-00C04F79EFBC}") = "AI CW 40325068", "AI CW 40325068\AI CW 40325068.csproj", "{ECEFB8FB-2D56-4386-B011-D85098968D09}"
EndProject
Global
	GlobalSection(SolutionConfigurationPlatforms) = preSolution
		Debug|Any CPU = Debug|Any CPU
		Release|Any CPU = Release|Any CPU
	EndGlobalSection
	GlobalSection(ProjectConfigurationPlatforms) = postSolution
		{ECEFB8FB-2D56-4386-B011-D85098968D09}.Debug|Any CPU.ActiveCfg = Debug|Any CPU
		{ECEFB8FB-2D56-4386-B011-D85098968D09}.Debug|Any CPU.Build.0 = Debug|Any CPU
		{ECEFB8FB-2D56-4386-B011-D85098968D09}.Release|Any CPU.ActiveCfg = Release|Any CPU
		{ECEFB8FB-2D56-4386-B011-D85098968D09}.Release|Any CPU.Build.0 = Release|Any CPU
	EndGlobalSection
	GlobalSection(SolutionProperties) = preSolution
		HideSolutionNode = FALSE
	EndGlobalSection
	GlobalSection(ExtensibilityGlobals) = postSolution
		SolutionGuid = {DA9234ED-9736-46C1-9A15-11D1C83BC69C}
	EndGlobalSection
EndGlobal
